// !$*UTF8*$!
{
	archiveVersion = 1;
	classes = {
	};
	objectVersion = 50;
	objects = {

/* Begin PBXBuildFile section */
		A91C505822181686008C66AE /* NumberGeneratorType.swift in Sources */ = {isa = PBXBuildFile; fileRef = A91C505722181686008C66AE /* NumberGeneratorType.swift */; };
		A91C505A221816A5008C66AE /* OrderedNumberGeneratorMock.swift in Sources */ = {isa = PBXBuildFile; fileRef = A91C5059221816A5008C66AE /* OrderedNumberGeneratorMock.swift */; };
		A91C505D221816E9008C66AE /* Direction+SwipeGestureInitializer.swift in Sources */ = {isa = PBXBuildFile; fileRef = A91C505C221816E9008C66AE /* Direction+SwipeGestureInitializer.swift */; };
		A91C506222182914008C66AE /* FeedbackGenerator.swift in Sources */ = {isa = PBXBuildFile; fileRef = A91C506122182914008C66AE /* FeedbackGenerator.swift */; };
		A91C506422183A5D008C66AE /* GameScene-iPad.sks in Resources */ = {isa = PBXBuildFile; fileRef = A91C506322183A5D008C66AE /* GameScene-iPad.sks */; };
		A91EBE532215E65700C62DB4 /* AppDelegate.swift in Sources */ = {isa = PBXBuildFile; fileRef = A91EBE522215E65700C62DB4 /* AppDelegate.swift */; };
		A91EBE552215E65700C62DB4 /* GameScene-iPhone.sks in Resources */ = {isa = PBXBuildFile; fileRef = A91EBE542215E65700C62DB4 /* GameScene-iPhone.sks */; };
		A91EBE592215E65700C62DB4 /* GameScene.swift in Sources */ = {isa = PBXBuildFile; fileRef = A91EBE582215E65700C62DB4 /* GameScene.swift */; };
		A91EBE5B2215E65700C62DB4 /* GameViewController.swift in Sources */ = {isa = PBXBuildFile; fileRef = A91EBE5A2215E65700C62DB4 /* GameViewController.swift */; };
		A91EBE5E2215E65700C62DB4 /* Main.storyboard in Resources */ = {isa = PBXBuildFile; fileRef = A91EBE5C2215E65700C62DB4 /* Main.storyboard */; };
		A91EBE602215E65800C62DB4 /* Assets.xcassets in Resources */ = {isa = PBXBuildFile; fileRef = A91EBE5F2215E65800C62DB4 /* Assets.xcassets */; };
		A91EBE632215E65800C62DB4 /* LaunchScreen.storyboard in Resources */ = {isa = PBXBuildFile; fileRef = A91EBE612215E65800C62DB4 /* LaunchScreen.storyboard */; };
		A91EBE6E2215E65800C62DB4 /* ios_15_puzzleTests.swift in Sources */ = {isa = PBXBuildFile; fileRef = A91EBE6D2215E65800C62DB4 /* ios_15_puzzleTests.swift */; };
		A91F978622168CB400B4F062 /* .gitignore in Resources */ = {isa = PBXBuildFile; fileRef = A91F978522168CB400B4F062 /* .gitignore */; };
		A91F97892216A26400B4F062 /* Direction.swift in Sources */ = {isa = PBXBuildFile; fileRef = A91F97882216A26400B4F062 /* Direction.swift */; };
		A91F97922216A31000B4F062 /* GameScene+Swipe+iOS.swift in Sources */ = {isa = PBXBuildFile; fileRef = A91F97912216A31000B4F062 /* GameScene+Swipe+iOS.swift */; };
		A91F97952216A3A300B4F062 /* Numberable.swift in Sources */ = {isa = PBXBuildFile; fileRef = A91F97942216A3A300B4F062 /* Numberable.swift */; };
		A91F97972216A3D100B4F062 /* NumberGenerator.swift in Sources */ = {isa = PBXBuildFile; fileRef = A91F97962216A3D100B4F062 /* NumberGenerator.swift */; };
		A91F97992216A65000B4F062 /* Constants.swift in Sources */ = {isa = PBXBuildFile; fileRef = A91F97982216A65000B4F062 /* Constants.swift */; };
		A91F979B2216A80700B4F062 /* GameBoard.swift in Sources */ = {isa = PBXBuildFile; fileRef = A91F979A2216A80700B4F062 /* GameBoard.swift */; };
		A91F979D2216A90D00B4F062 /* Slidable.swift in Sources */ = {isa = PBXBuildFile; fileRef = A91F979C2216A90D00B4F062 /* Slidable.swift */; };
		A91F979F2216CF7500B4F062 /* GameBoardError.swift in Sources */ = {isa = PBXBuildFile; fileRef = A91F979E2216CF7500B4F062 /* GameBoardError.swift */; };
		A91F97A12217069C00B4F062 /* NodeType.swift in Sources */ = {isa = PBXBuildFile; fileRef = A91F97A02217069C00B4F062 /* NodeType.swift */; };
		A91F97A3221706A700B4F062 /* GenericNodeType.swift in Sources */ = {isa = PBXBuildFile; fileRef = A91F97A2221706A700B4F062 /* GenericNodeType.swift */; };
		A91F97A5221706B600B4F062 /* NodeFactory.swift in Sources */ = {isa = PBXBuildFile; fileRef = A91F97A4221706B600B4F062 /* NodeFactory.swift */; };
		A91F97A7221706C800B4F062 /* NodeAnimator.swift in Sources */ = {isa = PBXBuildFile; fileRef = A91F97A6221706C800B4F062 /* NodeAnimator.swift */; };
		A92202DC22188644007A4295 /* Timer.swift in Sources */ = {isa = PBXBuildFile; fileRef = A92202DB22188644007A4295 /* Timer.swift */; };
		A9424AF22489460B00DD4AB2 /* README.md in Resources */ = {isa = PBXBuildFile; fileRef = A9424AF12489460A00DD4AB2 /* README.md */; };
		A94393A722193B61009BF7B4 /* GameOverScene.sks in Resources */ = {isa = PBXBuildFile; fileRef = A94393A622193B61009BF7B4 /* GameOverScene.sks */; };
		A94941242217FB0D00C1BFD8 /* SwipeOperation.swift in Sources */ = {isa = PBXBuildFile; fileRef = A94941232217FB0D00C1BFD8 /* SwipeOperation.swift */; };
		A99896EE2219E258002CA968 /* PartiallyOrderedNumberGenerator.swift in Sources */ = {isa = PBXBuildFile; fileRef = A99896ED2219E258002CA968 /* PartiallyOrderedNumberGenerator.swift */; };
		A99F7E48221894860084A34B /* PuzzleSolvedScene.sks in Resources */ = {isa = PBXBuildFile; fileRef = A99F7E47221894860084A34B /* PuzzleSolvedScene.sks */; };
		A9DE71262215EBB0004D002D /* CellNode.swift in Sources */ = {isa = PBXBuildFile; fileRef = A9DE71252215EBB0004D002D /* CellNode.swift */; };
		A9F3EC5A22194B8700B16740 /* OverlayManager.swift in Sources */ = {isa = PBXBuildFile; fileRef = A9F3EC5922194B8700B16740 /* OverlayManager.swift */; };
/* End PBXBuildFile section */

/* Begin PBXContainerItemProxy section */
		A91EBE6A2215E65800C62DB4 /* PBXContainerItemProxy */ = {
			isa = PBXContainerItemProxy;
			containerPortal = A91EBE472215E65700C62DB4 /* Project object */;
			proxyType = 1;
			remoteGlobalIDString = A91EBE4E2215E65700C62DB4;
			remoteInfo = "ios-15-puzzle";
		};
/* End PBXContainerItemProxy section */

/* Begin PBXFileReference section */
		A91C505722181686008C66AE /* NumberGeneratorType.swift */ = {isa = PBXFileReference; lastKnownFileType = sourcecode.swift; path = NumberGeneratorType.swift; sourceTree = "<group>"; };
		A91C5059221816A5008C66AE /* OrderedNumberGeneratorMock.swift */ = {isa = PBXFileReference; lastKnownFileType = sourcecode.swift; path = OrderedNumberGeneratorMock.swift; sourceTree = "<group>"; };
		A91C505C221816E9008C66AE /* Direction+SwipeGestureInitializer.swift */ = {isa = PBXFileReference; lastKnownFileType = sourcecode.swift; path = "Direction+SwipeGestureInitializer.swift"; sourceTree = "<group>"; };
		A91C506122182914008C66AE /* FeedbackGenerator.swift */ = {isa = PBXFileReference; lastKnownFileType = sourcecode.swift; path = FeedbackGenerator.swift; sourceTree = "<group>"; };
		A91C506322183A5D008C66AE /* GameScene-iPad.sks */ = {isa = PBXFileReference; lastKnownFileType = file.sks; path = "GameScene-iPad.sks"; sourceTree = "<group>"; };
		A91EBE4F2215E65700C62DB4 /* Disarmer.app */ = {isa = PBXFileReference; explicitFileType = wrapper.application; includeInIndex = 0; path = Disarmer.app; sourceTree = BUILT_PRODUCTS_DIR; };
		A91EBE522215E65700C62DB4 /* AppDelegate.swift */ = {isa = PBXFileReference; lastKnownFileType = sourcecode.swift; path = AppDelegate.swift; sourceTree = "<group>"; };
		A91EBE542215E65700C62DB4 /* GameScene-iPhone.sks */ = {isa = PBXFileReference; lastKnownFileType = file.sks; path = "GameScene-iPhone.sks"; sourceTree = "<group>"; };
		A91EBE582215E65700C62DB4 /* GameScene.swift */ = {isa = PBXFileReference; lastKnownFileType = sourcecode.swift; path = GameScene.swift; sourceTree = "<group>"; };
		A91EBE5A2215E65700C62DB4 /* GameViewController.swift */ = {isa = PBXFileReference; lastKnownFileType = sourcecode.swift; path = GameViewController.swift; sourceTree = "<group>"; };
		A91EBE5D2215E65700C62DB4 /* Base */ = {isa = PBXFileReference; lastKnownFileType = file.storyboard; name = Base; path = Base.lproj/Main.storyboard; sourceTree = "<group>"; };
		A91EBE5F2215E65800C62DB4 /* Assets.xcassets */ = {isa = PBXFileReference; lastKnownFileType = folder.assetcatalog; path = Assets.xcassets; sourceTree = "<group>"; };
		A91EBE622215E65800C62DB4 /* Base */ = {isa = PBXFileReference; lastKnownFileType = file.storyboard; name = Base; path = Base.lproj/LaunchScreen.storyboard; sourceTree = "<group>"; };
		A91EBE642215E65800C62DB4 /* Info.plist */ = {isa = PBXFileReference; lastKnownFileType = text.plist.xml; path = Info.plist; sourceTree = "<group>"; };
		A91EBE692215E65800C62DB4 /* ios-15-puzzleTests.xctest */ = {isa = PBXFileReference; explicitFileType = wrapper.cfbundle; includeInIndex = 0; path = "ios-15-puzzleTests.xctest"; sourceTree = BUILT_PRODUCTS_DIR; };
		A91EBE6D2215E65800C62DB4 /* ios_15_puzzleTests.swift */ = {isa = PBXFileReference; lastKnownFileType = sourcecode.swift; path = ios_15_puzzleTests.swift; sourceTree = "<group>"; };
		A91EBE6F2215E65800C62DB4 /* Info.plist */ = {isa = PBXFileReference; lastKnownFileType = text.plist.xml; path = Info.plist; sourceTree = "<group>"; };
		A91F978522168CB400B4F062 /* .gitignore */ = {isa = PBXFileReference; lastKnownFileType = text; path = .gitignore; sourceTree = "<group>"; };
		A91F97882216A26400B4F062 /* Direction.swift */ = {isa = PBXFileReference; lastKnownFileType = sourcecode.swift; path = Direction.swift; sourceTree = "<group>"; };
		A91F97912216A31000B4F062 /* GameScene+Swipe+iOS.swift */ = {isa = PBXFileReference; lastKnownFileType = sourcecode.swift; path = "GameScene+Swipe+iOS.swift"; sourceTree = "<group>"; };
		A91F97942216A3A300B4F062 /* Numberable.swift */ = {isa = PBXFileReference; lastKnownFileType = sourcecode.swift; path = Numberable.swift; sourceTree = "<group>"; };
		A91F97962216A3D100B4F062 /* NumberGenerator.swift */ = {isa = PBXFileReference; lastKnownFileType = sourcecode.swift; path = NumberGenerator.swift; sourceTree = "<group>"; };
		A91F97982216A65000B4F062 /* Constants.swift */ = {isa = PBXFileReference; lastKnownFileType = sourcecode.swift; path = Constants.swift; sourceTree = "<group>"; };
		A91F979A2216A80700B4F062 /* GameBoard.swift */ = {isa = PBXFileReference; lastKnownFileType = sourcecode.swift; path = GameBoard.swift; sourceTree = "<group>"; };
		A91F979C2216A90D00B4F062 /* Slidable.swift */ = {isa = PBXFileReference; lastKnownFileType = sourcecode.swift; path = Slidable.swift; sourceTree = "<group>"; };
		A91F979E2216CF7500B4F062 /* GameBoardError.swift */ = {isa = PBXFileReference; lastKnownFileType = sourcecode.swift; path = GameBoardError.swift; sourceTree = "<group>"; };
		A91F97A02217069C00B4F062 /* NodeType.swift */ = {isa = PBXFileReference; lastKnownFileType = sourcecode.swift; path = NodeType.swift; sourceTree = "<group>"; };
		A91F97A2221706A700B4F062 /* GenericNodeType.swift */ = {isa = PBXFileReference; lastKnownFileType = sourcecode.swift; path = GenericNodeType.swift; sourceTree = "<group>"; };
		A91F97A4221706B600B4F062 /* NodeFactory.swift */ = {isa = PBXFileReference; lastKnownFileType = sourcecode.swift; path = NodeFactory.swift; sourceTree = "<group>"; };
		A91F97A6221706C800B4F062 /* NodeAnimator.swift */ = {isa = PBXFileReference; lastKnownFileType = sourcecode.swift; path = NodeAnimator.swift; sourceTree = "<group>"; };
		A92202DB22188644007A4295 /* Timer.swift */ = {isa = PBXFileReference; lastKnownFileType = sourcecode.swift; path = Timer.swift; sourceTree = "<group>"; };
		A9424AF12489460A00DD4AB2 /* README.md */ = {isa = PBXFileReference; fileEncoding = 4; lastKnownFileType = net.daringfireball.markdown; path = README.md; sourceTree = "<group>"; };
		A94393A622193B61009BF7B4 /* GameOverScene.sks */ = {isa = PBXFileReference; lastKnownFileType = file.sks; path = GameOverScene.sks; sourceTree = "<group>"; };
		A94941232217FB0D00C1BFD8 /* SwipeOperation.swift */ = {isa = PBXFileReference; lastKnownFileType = sourcecode.swift; path = SwipeOperation.swift; sourceTree = "<group>"; };
		A99896ED2219E258002CA968 /* PartiallyOrderedNumberGenerator.swift */ = {isa = PBXFileReference; lastKnownFileType = sourcecode.swift; path = PartiallyOrderedNumberGenerator.swift; sourceTree = "<group>"; };
		A99F7E47221894860084A34B /* PuzzleSolvedScene.sks */ = {isa = PBXFileReference; lastKnownFileType = file.sks; path = PuzzleSolvedScene.sks; sourceTree = "<group>"; };
		A9DE71252215EBB0004D002D /* CellNode.swift */ = {isa = PBXFileReference; lastKnownFileType = sourcecode.swift; path = CellNode.swift; sourceTree = "<group>"; };
		A9F3EC5922194B8700B16740 /* OverlayManager.swift */ = {isa = PBXFileReference; lastKnownFileType = sourcecode.swift; path = OverlayManager.swift; sourceTree = "<group>"; };
/* End PBXFileReference section */

/* Begin PBXFrameworksBuildPhase section */
		A91EBE4C2215E65700C62DB4 /* Frameworks */ = {
			isa = PBXFrameworksBuildPhase;
			buildActionMask = 2147483647;
			files = (
			);
			runOnlyForDeploymentPostprocessing = 0;
		};
		A91EBE662215E65800C62DB4 /* Frameworks */ = {
			isa = PBXFrameworksBuildPhase;
			buildActionMask = 2147483647;
			files = (
			);
			runOnlyForDeploymentPostprocessing = 0;
		};
/* End PBXFrameworksBuildPhase section */

/* Begin PBXGroup section */
		A91C505622181675008C66AE /* Generator */ = {
			isa = PBXGroup;
			children = (
				A91C505722181686008C66AE /* NumberGeneratorType.swift */,
				A91F97962216A3D100B4F062 /* NumberGenerator.swift */,
				A91C5059221816A5008C66AE /* OrderedNumberGeneratorMock.swift */,
				A99896ED2219E258002CA968 /* PartiallyOrderedNumberGenerator.swift */,
			);
			path = Generator;
			sourceTree = "<group>";
		};
		A91C505B221816CF008C66AE /* Direction */ = {
			isa = PBXGroup;
			children = (
				A91F97882216A26400B4F062 /* Direction.swift */,
				A91C505C221816E9008C66AE /* Direction+SwipeGestureInitializer.swift */,
			);
			path = Direction;
			sourceTree = "<group>";
		};
		A91C505E2218170F008C66AE /* Animator */ = {
			isa = PBXGroup;
			children = (
				A91F97A6221706C800B4F062 /* NodeAnimator.swift */,
			);
			path = Animator;
			sourceTree = "<group>";
		};
		A91EBE462215E65700C62DB4 = {
			isa = PBXGroup;
			children = (
				A91F978522168CB400B4F062 /* .gitignore */,
				A9424AF12489460A00DD4AB2 /* README.md */,
				A91EBE512215E65700C62DB4 /* ios-15-puzzle */,
				A91EBE6C2215E65800C62DB4 /* ios-15-puzzleTests */,
				A91EBE502215E65700C62DB4 /* Products */,
			);
			sourceTree = "<group>";
		};
		A91EBE502215E65700C62DB4 /* Products */ = {
			isa = PBXGroup;
			children = (
				A91EBE4F2215E65700C62DB4 /* Disarmer.app */,
				A91EBE692215E65800C62DB4 /* ios-15-puzzleTests.xctest */,
			);
			name = Products;
			sourceTree = "<group>";
		};
		A91EBE512215E65700C62DB4 /* ios-15-puzzle */ = {
			isa = PBXGroup;
			children = (
				A91F97902216A2F400B4F062 /* Assets */,
				A91F978F2216A2DF00B4F062 /* Storyboards */,
				A91F978D2216A2BD00B4F062 /* ViewControllers */,
				A91F978E2216A2C800B4F062 /* Scenes */,
				A91F978C2216A2B600B4F062 /* Nodes */,
				A91F97872216A23100B4F062 /* Models & Model Controllers */,
				A91F97932216A39700B4F062 /* Protocols */,
				A9F3EC5B22196FC600B16740 /* SpriteKit Scenes */,
				A91EBE522215E65700C62DB4 /* AppDelegate.swift */,
				A91EBE642215E65800C62DB4 /* Info.plist */,
			);
			path = "ios-15-puzzle";
			sourceTree = "<group>";
		};
		A91EBE6C2215E65800C62DB4 /* ios-15-puzzleTests */ = {
			isa = PBXGroup;
			children = (
				A91EBE6D2215E65800C62DB4 /* ios_15_puzzleTests.swift */,
				A91EBE6F2215E65800C62DB4 /* Info.plist */,
			);
			path = "ios-15-puzzleTests";
			sourceTree = "<group>";
		};
		A91F97872216A23100B4F062 /* Models & Model Controllers */ = {
			isa = PBXGroup;
			children = (
				A91C506122182914008C66AE /* FeedbackGenerator.swift */,
				A9F3EC5922194B8700B16740 /* OverlayManager.swift */,
				A92202DB22188644007A4295 /* Timer.swift */,
				A91C505E2218170F008C66AE /* Animator */,
				A91C505B221816CF008C66AE /* Direction */,
				A97A80EE221732DA007F5514 /* Game Board */,
				A91C505622181675008C66AE /* Generator */,
				A97A80F02217334D007F5514 /* Node Factory */,
				A97A80EF221732EA007F5514 /* Utils */,
			);
			path = "Models & Model Controllers";
			sourceTree = "<group>";
		};
		A91F978C2216A2B600B4F062 /* Nodes */ = {
			isa = PBXGroup;
			children = (
				A9DE71252215EBB0004D002D /* CellNode.swift */,
			);
			path = Nodes;
			sourceTree = "<group>";
		};
		A91F978D2216A2BD00B4F062 /* ViewControllers */ = {
			isa = PBXGroup;
			children = (
				A91EBE5A2215E65700C62DB4 /* GameViewController.swift */,
			);
			path = ViewControllers;
			sourceTree = "<group>";
		};
		A91F978E2216A2C800B4F062 /* Scenes */ = {
			isa = PBXGroup;
			children = (
				A91EBE582215E65700C62DB4 /* GameScene.swift */,
				A91F97912216A31000B4F062 /* GameScene+Swipe+iOS.swift */,
			);
			path = Scenes;
			sourceTree = "<group>";
		};
		A91F978F2216A2DF00B4F062 /* Storyboards */ = {
			isa = PBXGroup;
			children = (
				A91EBE5C2215E65700C62DB4 /* Main.storyboard */,
				A91EBE612215E65800C62DB4 /* LaunchScreen.storyboard */,
			);
			path = Storyboards;
			sourceTree = "<group>";
		};
		A91F97902216A2F400B4F062 /* Assets */ = {
			isa = PBXGroup;
			children = (
				A91EBE5F2215E65800C62DB4 /* Assets.xcassets */,
			);
			path = Assets;
			sourceTree = "<group>";
		};
		A91F97932216A39700B4F062 /* Protocols */ = {
			isa = PBXGroup;
			children = (
				A91F97942216A3A300B4F062 /* Numberable.swift */,
				A91F979C2216A90D00B4F062 /* Slidable.swift */,
			);
			path = Protocols;
			sourceTree = "<group>";
		};
		A97A80EE221732DA007F5514 /* Game Board */ = {
			isa = PBXGroup;
			children = (
				A91F979A2216A80700B4F062 /* GameBoard.swift */,
				A91F979E2216CF7500B4F062 /* GameBoardError.swift */,
				A94941232217FB0D00C1BFD8 /* SwipeOperation.swift */,
			);
			path = "Game Board";
			sourceTree = "<group>";
		};
		A97A80EF221732EA007F5514 /* Utils */ = {
			isa = PBXGroup;
			children = (
				A91F97A2221706A700B4F062 /* GenericNodeType.swift */,
				A91F97982216A65000B4F062 /* Constants.swift */,
			);
			path = Utils;
			sourceTree = "<group>";
		};
		A97A80F02217334D007F5514 /* Node Factory */ = {
			isa = PBXGroup;
			children = (
				A91F97A4221706B600B4F062 /* NodeFactory.swift */,
				A91F97A02217069C00B4F062 /* NodeType.swift */,
			);
			path = "Node Factory";
			sourceTree = "<group>";
		};
		A9F3EC5B22196FC600B16740 /* SpriteKit Scenes */ = {
			isa = PBXGroup;
			children = (
				A91EBE542215E65700C62DB4 /* GameScene-iPhone.sks */,
				A91C506322183A5D008C66AE /* GameScene-iPad.sks */,
				A99F7E47221894860084A34B /* PuzzleSolvedScene.sks */,
				A94393A622193B61009BF7B4 /* GameOverScene.sks */,
			);
			path = "SpriteKit Scenes";
			sourceTree = "<group>";
		};
/* End PBXGroup section */

/* Begin PBXNativeTarget section */
		A91EBE4E2215E65700C62DB4 /* ios-15-puzzle */ = {
			isa = PBXNativeTarget;
			buildConfigurationList = A91EBE722215E65800C62DB4 /* Build configuration list for PBXNativeTarget "ios-15-puzzle" */;
			buildPhases = (
				A91EBE4B2215E65700C62DB4 /* Sources */,
				A91EBE4C2215E65700C62DB4 /* Frameworks */,
				A91EBE4D2215E65700C62DB4 /* Resources */,
			);
			buildRules = (
			);
			dependencies = (
			);
			name = "ios-15-puzzle";
			productName = "ios-15-puzzle";
			productReference = A91EBE4F2215E65700C62DB4 /* Disarmer.app */;
			productType = "com.apple.product-type.application";
		};
		A91EBE682215E65800C62DB4 /* ios-15-puzzleTests */ = {
			isa = PBXNativeTarget;
			buildConfigurationList = A91EBE752215E65800C62DB4 /* Build configuration list for PBXNativeTarget "ios-15-puzzleTests" */;
			buildPhases = (
				A91EBE652215E65800C62DB4 /* Sources */,
				A91EBE662215E65800C62DB4 /* Frameworks */,
				A91EBE672215E65800C62DB4 /* Resources */,
			);
			buildRules = (
			);
			dependencies = (
				A91EBE6B2215E65800C62DB4 /* PBXTargetDependency */,
			);
			name = "ios-15-puzzleTests";
			productName = "ios-15-puzzleTests";
			productReference = A91EBE692215E65800C62DB4 /* ios-15-puzzleTests.xctest */;
			productType = "com.apple.product-type.bundle.unit-test";
		};
/* End PBXNativeTarget section */

/* Begin PBXProject section */
		A91EBE472215E65700C62DB4 /* Project object */ = {
			isa = PBXProject;
			attributes = {
				LastSwiftUpdateCheck = 1010;
				LastUpgradeCheck = 1010;
				ORGANIZATIONNAME = "Astemir Eleev";
				TargetAttributes = {
					A91EBE4E2215E65700C62DB4 = {
						CreatedOnToolsVersion = 10.1;
						LastSwiftMigration = 1020;
					};
					A91EBE682215E65800C62DB4 = {
						CreatedOnToolsVersion = 10.1;
						LastSwiftMigration = 1020;
						TestTargetID = A91EBE4E2215E65700C62DB4;
					};
				};
			};
			buildConfigurationList = A91EBE4A2215E65700C62DB4 /* Build configuration list for PBXProject "ios-15-puzzle" */;
			compatibilityVersion = "Xcode 9.3";
			developmentRegion = en;
			hasScannedForEncodings = 0;
			knownRegions = (
				en,
				Base,
			);
			mainGroup = A91EBE462215E65700C62DB4;
			productRefGroup = A91EBE502215E65700C62DB4 /* Products */;
			projectDirPath = "";
			projectRoot = "";
			targets = (
				A91EBE4E2215E65700C62DB4 /* ios-15-puzzle */,
				A91EBE682215E65800C62DB4 /* ios-15-puzzleTests */,
			);
		};
/* End PBXProject section */

/* Begin PBXResourcesBuildPhase section */
		A91EBE4D2215E65700C62DB4 /* Resources */ = {
			isa = PBXResourcesBuildPhase;
			buildActionMask = 2147483647;
			files = (
				A91EBE5E2215E65700C62DB4 /* Main.storyboard in Resources */,
				A91EBE552215E65700C62DB4 /* GameScene-iPhone.sks in Resources */,
				A91EBE602215E65800C62DB4 /* Assets.xcassets in Resources */,
				A91EBE632215E65800C62DB4 /* LaunchScreen.storyboard in Resources */,
				A91F978622168CB400B4F062 /* .gitignore in Resources */,
				A91C506422183A5D008C66AE /* GameScene-iPad.sks in Resources */,
				A9424AF22489460B00DD4AB2 /* README.md in Resources */,
				A94393A722193B61009BF7B4 /* GameOverScene.sks in Resources */,
				A99F7E48221894860084A34B /* PuzzleSolvedScene.sks in Resources */,
			);
			runOnlyForDeploymentPostprocessing = 0;
		};
		A91EBE672215E65800C62DB4 /* Resources */ = {
			isa = PBXResourcesBuildPhase;
			buildActionMask = 2147483647;
			files = (
			);
			runOnlyForDeploymentPostprocessing = 0;
		};
/* End PBXResourcesBuildPhase section */

/* Begin PBXSourcesBuildPhase section */
		A91EBE4B2215E65700C62DB4 /* Sources */ = {
			isa = PBXSourcesBuildPhase;
			buildActionMask = 2147483647;
			files = (
				A91F97952216A3A300B4F062 /* Numberable.swift in Sources */,
				A91F97A12217069C00B4F062 /* NodeType.swift in Sources */,
				A91EBE592215E65700C62DB4 /* GameScene.swift in Sources */,
				A91EBE5B2215E65700C62DB4 /* GameViewController.swift in Sources */,
				A91C505D221816E9008C66AE /* Direction+SwipeGestureInitializer.swift in Sources */,
				A91C505822181686008C66AE /* NumberGeneratorType.swift in Sources */,
				A94941242217FB0D00C1BFD8 /* SwipeOperation.swift in Sources */,
				A9DE71262215EBB0004D002D /* CellNode.swift in Sources */,
				A9F3EC5A22194B8700B16740 /* OverlayManager.swift in Sources */,
				A91F97A3221706A700B4F062 /* GenericNodeType.swift in Sources */,
				A91F97972216A3D100B4F062 /* NumberGenerator.swift in Sources */,
				A91F979D2216A90D00B4F062 /* Slidable.swift in Sources */,
				A91F979F2216CF7500B4F062 /* GameBoardError.swift in Sources */,
				A91C506222182914008C66AE /* FeedbackGenerator.swift in Sources */,
				A91F97992216A65000B4F062 /* Constants.swift in Sources */,
				A99896EE2219E258002CA968 /* PartiallyOrderedNumberGenerator.swift in Sources */,
				A91C505A221816A5008C66AE /* OrderedNumberGeneratorMock.swift in Sources */,
				A91F97A5221706B600B4F062 /* NodeFactory.swift in Sources */,
				A91F97892216A26400B4F062 /* Direction.swift in Sources */,
				A91EBE532215E65700C62DB4 /* AppDelegate.swift in Sources */,
				A91F97A7221706C800B4F062 /* NodeAnimator.swift in Sources */,
				A91F97922216A31000B4F062 /* GameScene+Swipe+iOS.swift in Sources */,
				A91F979B2216A80700B4F062 /* GameBoard.swift in Sources */,
				A92202DC22188644007A4295 /* Timer.swift in Sources */,
			);
			runOnlyForDeploymentPostprocessing = 0;
		};
		A91EBE652215E65800C62DB4 /* Sources */ = {
			isa = PBXSourcesBuildPhase;
			buildActionMask = 2147483647;
			files = (
				A91EBE6E2215E65800C62DB4 /* ios_15_puzzleTests.swift in Sources */,
			);
			runOnlyForDeploymentPostprocessing = 0;
		};
/* End PBXSourcesBuildPhase section */

/* Begin PBXTargetDependency section */
		A91EBE6B2215E65800C62DB4 /* PBXTargetDependency */ = {
			isa = PBXTargetDependency;
			target = A91EBE4E2215E65700C62DB4 /* ios-15-puzzle */;
			targetProxy = A91EBE6A2215E65800C62DB4 /* PBXContainerItemProxy */;
		};
/* End PBXTargetDependency section */

/* Begin PBXVariantGroup section */
		A91EBE5C2215E65700C62DB4 /* Main.storyboard */ = {
			isa = PBXVariantGroup;
			children = (
				A91EBE5D2215E65700C62DB4 /* Base */,
			);
			name = Main.storyboard;
			sourceTree = "<group>";
		};
		A91EBE612215E65800C62DB4 /* LaunchScreen.storyboard */ = {
			isa = PBXVariantGroup;
			children = (
				A91EBE622215E65800C62DB4 /* Base */,
			);
			name = LaunchScreen.storyboard;
			sourceTree = "<group>";
		};
/* End PBXVariantGroup section */

/* Begin XCBuildConfiguration section */
		A91EBE702215E65800C62DB4 /* Debug */ = {
			isa = XCBuildConfiguration;
			buildSettings = {
				ALWAYS_SEARCH_USER_PATHS = NO;
				CLANG_ANALYZER_NONNULL = YES;
				CLANG_ANALYZER_NUMBER_OBJECT_CONVERSION = YES_AGGRESSIVE;
				CLANG_CXX_LANGUAGE_STANDARD = "gnu++14";
				CLANG_CXX_LIBRARY = "libc++";
				CLANG_ENABLE_MODULES = YES;
				CLANG_ENABLE_OBJC_ARC = YES;
				CLANG_ENABLE_OBJC_WEAK = YES;
				CLANG_WARN_BLOCK_CAPTURE_AUTORELEASING = YES;
				CLANG_WARN_BOOL_CONVERSION = YES;
				CLANG_WARN_COMMA = YES;
				CLANG_WARN_CONSTANT_CONVERSION = YES;
				CLANG_WARN_DEPRECATED_OBJC_IMPLEMENTATIONS = YES;
				CLANG_WARN_DIRECT_OBJC_ISA_USAGE = YES_ERROR;
				CLANG_WARN_DOCUMENTATION_COMMENTS = YES;
				CLANG_WARN_EMPTY_BODY = YES;
				CLANG_WARN_ENUM_CONVERSION = YES;
				CLANG_WARN_INFINITE_RECURSION = YES;
				CLANG_WARN_INT_CONVERSION = YES;
				CLANG_WARN_NON_LITERAL_NULL_CONVERSION = YES;
				CLANG_WARN_OBJC_IMPLICIT_RETAIN_SELF = YES;
				CLANG_WARN_OBJC_LITERAL_CONVERSION = YES;
				CLANG_WARN_OBJC_ROOT_CLASS = YES_ERROR;
				CLANG_WARN_RANGE_LOOP_ANALYSIS = YES;
				CLANG_WARN_STRICT_PROTOTYPES = YES;
				CLANG_WARN_SUSPICIOUS_MOVE = YES;
				CLANG_WARN_UNGUARDED_AVAILABILITY = YES_AGGRESSIVE;
				CLANG_WARN_UNREACHABLE_CODE = YES;
				CLANG_WARN__DUPLICATE_METHOD_MATCH = YES;
				CODE_SIGN_IDENTITY = "iPhone Developer";
				COPY_PHASE_STRIP = NO;
				DEBUG_INFORMATION_FORMAT = dwarf;
				ENABLE_STRICT_OBJC_MSGSEND = YES;
				ENABLE_TESTABILITY = YES;
				GCC_C_LANGUAGE_STANDARD = gnu11;
				GCC_DYNAMIC_NO_PIC = NO;
				GCC_NO_COMMON_BLOCKS = YES;
				GCC_OPTIMIZATION_LEVEL = 0;
				GCC_PREPROCESSOR_DEFINITIONS = (
					"DEBUG=1",
					"$(inherited)",
				);
				GCC_WARN_64_TO_32_BIT_CONVERSION = YES;
				GCC_WARN_ABOUT_RETURN_TYPE = YES_ERROR;
				GCC_WARN_UNDECLARED_SELECTOR = YES;
				GCC_WARN_UNINITIALIZED_AUTOS = YES_AGGRESSIVE;
				GCC_WARN_UNUSED_FUNCTION = YES;
				GCC_WARN_UNUSED_VARIABLE = YES;
				IPHONEOS_DEPLOYMENT_TARGET = 12.1;
				MTL_ENABLE_DEBUG_INFO = INCLUDE_SOURCE;
				MTL_FAST_MATH = YES;
				ONLY_ACTIVE_ARCH = YES;
				SDKROOT = iphoneos;
				SWIFT_ACTIVE_COMPILATION_CONDITIONS = DEBUG;
				SWIFT_OPTIMIZATION_LEVEL = "-Onone";
			};
			name = Debug;
		};
		A91EBE712215E65800C62DB4 /* Release */ = {
			isa = XCBuildConfiguration;
			buildSettings = {
				ALWAYS_SEARCH_USER_PATHS = NO;
				CLANG_ANALYZER_NONNULL = YES;
				CLANG_ANALYZER_NUMBER_OBJECT_CONVERSION = YES_AGGRESSIVE;
				CLANG_CXX_LANGUAGE_STANDARD = "gnu++14";
				CLANG_CXX_LIBRARY = "libc++";
				CLANG_ENABLE_MODULES = YES;
				CLANG_ENABLE_OBJC_ARC = YES;
				CLANG_ENABLE_OBJC_WEAK = YES;
				CLANG_WARN_BLOCK_CAPTURE_AUTORELEASING = YES;
				CLANG_WARN_BOOL_CONVERSION = YES;
				CLANG_WARN_COMMA = YES;
				CLANG_WARN_CONSTANT_CONVERSION = YES;
				CLANG_WARN_DEPRECATED_OBJC_IMPLEMENTATIONS = YES;
				CLANG_WARN_DIRECT_OBJC_ISA_USAGE = YES_ERROR;
				CLANG_WARN_DOCUMENTATION_COMMENTS = YES;
				CLANG_WARN_EMPTY_BODY = YES;
				CLANG_WARN_ENUM_CONVERSION = YES;
				CLANG_WARN_INFINITE_RECURSION = YES;
				CLANG_WARN_INT_CONVERSION = YES;
				CLANG_WARN_NON_LITERAL_NULL_CONVERSION = YES;
				CLANG_WARN_OBJC_IMPLICIT_RETAIN_SELF = YES;
				CLANG_WARN_OBJC_LITERAL_CONVERSION = YES;
				CLANG_WARN_OBJC_ROOT_CLASS = YES_ERROR;
				CLANG_WARN_RANGE_LOOP_ANALYSIS = YES;
				CLANG_WARN_STRICT_PROTOTYPES = YES;
				CLANG_WARN_SUSPICIOUS_MOVE = YES;
				CLANG_WARN_UNGUARDED_AVAILABILITY = YES_AGGRESSIVE;
				CLANG_WARN_UNREACHABLE_CODE = YES;
				CLANG_WARN__DUPLICATE_METHOD_MATCH = YES;
				CODE_SIGN_IDENTITY = "iPhone Developer";
				COPY_PHASE_STRIP = NO;
				DEBUG_INFORMATION_FORMAT = "dwarf-with-dsym";
				ENABLE_NS_ASSERTIONS = NO;
				ENABLE_STRICT_OBJC_MSGSEND = YES;
				GCC_C_LANGUAGE_STANDARD = gnu11;
				GCC_NO_COMMON_BLOCKS = YES;
				GCC_WARN_64_TO_32_BIT_CONVERSION = YES;
				GCC_WARN_ABOUT_RETURN_TYPE = YES_ERROR;
				GCC_WARN_UNDECLARED_SELECTOR = YES;
				GCC_WARN_UNINITIALIZED_AUTOS = YES_AGGRESSIVE;
				GCC_WARN_UNUSED_FUNCTION = YES;
				GCC_WARN_UNUSED_VARIABLE = YES;
				IPHONEOS_DEPLOYMENT_TARGET = 12.1;
				MTL_ENABLE_DEBUG_INFO = NO;
				MTL_FAST_MATH = YES;
				SDKROOT = iphoneos;
				SWIFT_COMPILATION_MODE = wholemodule;
				SWIFT_OPTIMIZATION_LEVEL = "-O";
				VALIDATE_PRODUCT = YES;
			};
			name = Release;
		};
		A91EBE732215E65800C62DB4 /* Debug */ = {
			isa = XCBuildConfiguration;
			buildSettings = {
				ASSETCATALOG_COMPILER_APPICON_NAME = "AppIcon-Bordered";
				CODE_SIGN_STYLE = Automatic;
				DEVELOPMENT_TEAM = 5W8256FV33;
				INFOPLIST_FILE = "ios-15-puzzle/Info.plist";
				IPHONEOS_DEPLOYMENT_TARGET = 11.0;
				LD_RUNPATH_SEARCH_PATHS = (
					"$(inherited)",
					"@executable_path/Frameworks",
				);
				MARKETING_VERSION = 1.0.4;
				PRODUCT_BUNDLE_IDENTIFIER = "eleev.astemir.ios-disarmer";
				PRODUCT_NAME = Disarmer;
				SWIFT_VERSION = 5.0;
				TARGETED_DEVICE_FAMILY = "1,2";
			};
			name = Debug;
		};
		A91EBE742215E65800C62DB4 /* Release */ = {
			isa = XCBuildConfiguration;
			buildSettings = {
				ASSETCATALOG_COMPILER_APPICON_NAME = "AppIcon-Bordered";
				CODE_SIGN_STYLE = Automatic;
				DEVELOPMENT_TEAM = 5W8256FV33;
				INFOPLIST_FILE = "ios-15-puzzle/Info.plist";
				IPHONEOS_DEPLOYMENT_TARGET = 11.0;
				LD_RUNPATH_SEARCH_PATHS = (
					"$(inherited)",
					"@executable_path/Frameworks",
				);
				MARKETING_VERSION = 1.0.4;
				PRODUCT_BUNDLE_IDENTIFIER = "eleev.astemir.ios-disarmer";
				PRODUCT_NAME = Disarmer;
				SWIFT_VERSION = 5.0;
				TARGETED_DEVICE_FAMILY = "1,2";
			};
			name = Release;
		};
		A91EBE762215E65800C62DB4 /* Debug */ = {
			isa = XCBuildConfiguration;
			buildSettings = {
				ALWAYS_EMBED_SWIFT_STANDARD_LIBRARIES = YES;
				BUNDLE_LOADER = "$(TEST_HOST)";
				CODE_SIGN_STYLE = Automatic;
				INFOPLIST_FILE = "ios-15-puzzleTests/Info.plist";
				LD_RUNPATH_SEARCH_PATHS = (
					"$(inherited)",
					"@executable_path/Frameworks",
					"@loader_path/Frameworks",
				);
				PRODUCT_BUNDLE_IDENTIFIER = "eleev.astemir.ios-15-puzzleTests";
				PRODUCT_NAME = "$(TARGET_NAME)";
				SWIFT_VERSION = 5.0;
				TARGETED_DEVICE_FAMILY = "1,2";
				TEST_HOST = "$(BUILT_PRODUCTS_DIR)/ios-15-puzzle.app/ios-15-puzzle";
			};
			name = Debug;
		};
		A91EBE772215E65800C62DB4 /* Release */ = {
			isa = XCBuildConfiguration;
			buildSettings = {
				ALWAYS_EMBED_SWIFT_STANDARD_LIBRARIES = YES;
				BUNDLE_LOADER = "$(TEST_HOST)";
				CODE_SIGN_STYLE = Automatic;
				INFOPLIST_FILE = "ios-15-puzzleTests/Info.plist";
				LD_RUNPATH_SEARCH_PATHS = (
					"$(inherited)",
					"@executable_path/Frameworks",
					"@loader_path/Frameworks",
				);
				PRODUCT_BUNDLE_IDENTIFIER = "eleev.astemir.ios-15-puzzleTests";
				PRODUCT_NAME = "$(TARGET_NAME)";
				SWIFT_VERSION = 5.0;
				TARGETED_DEVICE_FAMILY = "1,2";
				TEST_HOST = "$(BUILT_PRODUCTS_DIR)/ios-15-puzzle.app/ios-15-puzzle";
			};
			name = Release;
		};
/* End XCBuildConfiguration section */

/* Begin XCConfigurationList section */
		A91EBE4A2215E65700C62DB4 /* Build configuration list for PBXProject "ios-15-puzzle" */ = {
			isa = XCConfigurationList;
			buildConfigurations = (
				A91EBE702215E65800C62DB4 /* Debug */,
				A91EBE712215E65800C62DB4 /* Release */,
			);
			defaultConfigurationIsVisible = 0;
			defaultConfigurationName = Release;
		};
		A91EBE722215E65800C62DB4 /* Build configuration list for PBXNativeTarget "ios-15-puzzle" */ = {
			isa = XCConfigurationList;
			buildConfigurations = (
				A91EBE732215E65800C62DB4 /* Debug */,
				A91EBE742215E65800C62DB4 /* Release */,
			);
			defaultConfigurationIsVisible = 0;
			defaultConfigurationName = Release;
		};
		A91EBE752215E65800C62DB4 /* Build configuration list for PBXNativeTarget "ios-15-puzzleTests" */ = {
			isa = XCConfigurationList;
			buildConfigurations = (
				A91EBE762215E65800C62DB4 /* Debug */,
				A91EBE772215E65800C62DB4 /* Release */,
			);
			defaultConfigurationIsVisible = 0;
			defaultConfigurationName = Release;
		};
/* End XCConfigurationList section */
	};
	rootObject = A91EBE472215E65700C62DB4 /* Project object */;
}
